
Microsoft Visual Studio Solution File, Format Version 12.00
Project("{FAE04EC0-301F-11D3-BF4B-00C04F79EFBC}") = "ScanIT", "ScanIT\ScanIT.csproj", "{FA5E46B0-B369-43D7-8E24-271341DD77E7}"
EndProject
Project("{FAE04EC0-301F-11D3-BF4B-00C04F79EFBC}") = "ScanIT.Playground.Testing", "ScanIT.Playground.Testing\ScanIT.Playground.Testing.csproj", "{1A055E28-DBED-4892-AA4E-6B246D0F233D}"
EndProject
Project("{FAE04EC0-301F-11D3-BF4B-00C04F79EFBC}") = "ScanIT.Scanner.Nmap", "ScanIT.Scanner.Nmap\ScanIT.Scanner.Nmap.csproj", "{AECB087A-610C-44D6-A343-C6603AF72EC3}"
EndProject
Project("{FAE04EC0-301F-11D3-BF4B-00C04F79EFBC}") = "ScanIT.Scanner.Nmap.Test", "ScanIT.Scanner.Nmap.Test\ScanIT.Scanner.Nmap.Test.csproj", "{93690271-30F0-4639-BCD5-4A93DCD53346}"
EndProject
Project("{FAE04EC0-301F-11D3-BF4B-00C04F79EFBC}") = "ScanIT.Common", "ScanIT.Common\ScanIT.Common.csproj", "{5C4D0C84-22CA-4387-95CF-825F11DE87BD}"
EndProject
Project("{FAE04EC0-301F-11D3-BF4B-00C04F79EFBC}") = "ScanIT.Common.Test", "ScanIT.Common.Test\ScanIT.Common.Test.csproj", "{B4B0783C-CDCE-4F0A-B0D8-FD570F084097}"
EndProject
Project("{FAE04EC0-301F-11D3-BF4B-00C04F79EFBC}") = "ScanIT.Worker", "ScanIT.Worker\ScanIT.Worker.csproj", "{CA0286C5-9E01-4580-AB04-456948EEE3AB}"
EndProject
Global
	GlobalSection(SolutionConfigurationPlatforms) = preSolution
		Debug|Any CPU = Debug|Any CPU
		Release|Any CPU = Release|Any CPU
	EndGlobalSection
	GlobalSection(ProjectConfigurationPlatforms) = postSolution
		{FA5E46B0-B369-43D7-8E24-271341DD77E7}.Debug|Any CPU.ActiveCfg = Debug|Any CPU
		{FA5E46B0-B369-43D7-8E24-271341DD77E7}.Debug|Any CPU.Build.0 = Debug|Any CPU
		{FA5E46B0-B369-43D7-8E24-271341DD77E7}.Release|Any CPU.ActiveCfg = Release|Any CPU
		{FA5E46B0-B369-43D7-8E24-271341DD77E7}.Release|Any CPU.Build.0 = Release|Any CPU
		{1A055E28-DBED-4892-AA4E-6B246D0F233D}.Debug|Any CPU.ActiveCfg = Debug|Any CPU
		{1A055E28-DBED-4892-AA4E-6B246D0F233D}.Debug|Any CPU.Build.0 = Debug|Any CPU
		{1A055E28-DBED-4892-AA4E-6B246D0F233D}.Release|Any CPU.ActiveCfg = Release|Any CPU
		{1A055E28-DBED-4892-AA4E-6B246D0F233D}.Release|Any CPU.Build.0 = Release|Any CPU
		{AECB087A-610C-44D6-A343-C6603AF72EC3}.Debug|Any CPU.ActiveCfg = Debug|Any CPU
		{AECB087A-610C-44D6-A343-C6603AF72EC3}.Debug|Any CPU.Build.0 = Debug|Any CPU
		{AECB087A-610C-44D6-A343-C6603AF72EC3}.Release|Any CPU.ActiveCfg = Release|Any CPU
		{AECB087A-610C-44D6-A343-C6603AF72EC3}.Release|Any CPU.Build.0 = Release|Any CPU
		{93690271-30F0-4639-BCD5-4A93DCD53346}.Debug|Any CPU.ActiveCfg = Debug|Any CPU
		{93690271-30F0-4639-BCD5-4A93DCD53346}.Debug|Any CPU.Build.0 = Debug|Any CPU
		{93690271-30F0-4639-BCD5-4A93DCD53346}.Release|Any CPU.ActiveCfg = Release|Any CPU
		{93690271-30F0-4639-BCD5-4A93DCD53346}.Release|Any CPU.Build.0 = Release|Any CPU
		{5C4D0C84-22CA-4387-95CF-825F11DE87BD}.Debug|Any CPU.ActiveCfg = Debug|Any CPU
		{5C4D0C84-22CA-4387-95CF-825F11DE87BD}.Debug|Any CPU.Build.0 = Debug|Any CPU
		{5C4D0C84-22CA-4387-95CF-825F11DE87BD}.Release|Any CPU.ActiveCfg = Release|Any CPU
		{5C4D0C84-22CA-4387-95CF-825F11DE87BD}.Release|Any CPU.Build.0 = Release|Any CPU
		{B4B0783C-CDCE-4F0A-B0D8-FD570F084097}.Debug|Any CPU.ActiveCfg = Debug|Any CPU
		{B4B0783C-CDCE-4F0A-B0D8-FD570F084097}.Debug|Any CPU.Build.0 = Debug|Any CPU
		{B4B0783C-CDCE-4F0A-B0D8-FD570F084097}.Release|Any CPU.ActiveCfg = Release|Any CPU
		{B4B0783C-CDCE-4F0A-B0D8-FD570F084097}.Release|Any CPU.Build.0 = Release|Any CPU
		{CA0286C5-9E01-4580-AB04-456948EEE3AB}.Debug|Any CPU.ActiveCfg = Debug|Any CPU
		{CA0286C5-9E01-4580-AB04-456948EEE3AB}.Debug|Any CPU.Build.0 = Debug|Any CPU
		{CA0286C5-9E01-4580-AB04-456948EEE3AB}.Release|Any CPU.ActiveCfg = Release|Any CPU
		{CA0286C5-9E01-4580-AB04-456948EEE3AB}.Release|Any CPU.Build.0 = Release|Any CPU
	EndGlobalSection
EndGlobal
